github.com/brianvoe/gofakeit/v6 v6.27.0 h1:rI6rhEtXnMfdRHc1pE1tdXN/LRnDlRzFZXL2ArDV3Wk=
github.com/brianvoe/gofakeit/v6 v6.27.0/go.mod h1:Xj58BMSnFqcn/fAQeSK+/PLtC5kSb7FJIq4JyGa8vEs=
github.com/go-chi/chi v1.5.5 h1:vOB/HbEMt9QqBqErz07QehcOKHaWFtuj87tTDVz2qXE=
github.com/go-chi/chi v1.5.5/go.mod h1:C9JqLr3tIYjDOZpzn+BCuxY8z8vmca43EeMgyZt7irw=
